
Microsoft Visual Studio Solution File, Format Version 12.00
# Visual Studio Version 16
VisualStudioVersion = 16.0.30114.105
MinimumVisualStudioVersion = 10.0.40219.1
Project("{FAE04EC0-301F-11D3-BF4B-00C04F79EFBC}") = "carserviceapp", "carserviceapp.csproj", "{28F563C0-5F5D-4A86-8723-785B712C0C68}"
EndProject
Global
	GlobalSection(SolutionConfigurationPlatforms) = preSolution
		Debug|Any CPU = Debug|Any CPU
		Release|Any CPU = Release|Any CPU
	EndGlobalSection
	GlobalSection(ProjectConfigurationPlatforms) = postSolution
		{28F563C0-5F5D-4A86-8723-785B712C0C68}.Debug|Any CPU.ActiveCfg = Debug|Any CPU
		{28F563C0-5F5D-4A86-8723-785B712C0C68}.Debug|Any CPU.Build.0 = Debug|Any CPU
		{28F563C0-5F5D-4A86-8723-785B712C0C68}.Release|Any CPU.ActiveCfg = Release|Any CPU
		{28F563C0-5F5D-4A86-8723-785B712C0C68}.Release|Any CPU.Build.0 = Release|Any CPU
	EndGlobalSection
	GlobalSection(SolutionProperties) = preSolution
		HideSolutionNode = FALSE
	EndGlobalSection
	GlobalSection(ExtensibilityGlobals) = postSolution
		SolutionGuid = {1A7086DB-DD38-45F5-A5CE-DD1A2DCAB6E6}
	EndGlobalSection
EndGlobal
